version = 1
revision = 3
requires-python = ">=3.13"

[[package]]
name = "amqp"
version = "5.1.1"
source = { registry = "https://pypi.org/simple" }
dependencies = [
    { name = "vine" },
]
sdist = { url = "https://files.pythonhosted.org/packages/cb/e7/bcaab89065e17915a28247fa5d4f582ca107b4544e2b1aba92d32f794a0f/amqp-5.1.1.tar.gz", hash = "sha256:2c1b13fecc0893e946c65cbd5f36427861cffa4ea2201d8f6fca22e2a373b5e2", size = 127869, upload-time = "2022-04-17T06:39:21.052Z" }
wheels = [
    { url = "https://files.pythonhosted.org/packages/de/a3/e7b3b9d34239bae066df135060e225929d639731050c920fdc740d6b7897/amqp-5.1.1-py3-none-any.whl", hash = "sha256:6f0956d2c23d8fa6e7691934d8c3930eadb44972cbbd1a7ae3a520f735d43359", size = 50810, upload-time = "2022-04-17T06:39:09.3Z" },
]

[[package]]
name = "asgiref"
version = "3.6.0"
source = { registry = "https://pypi.org/simple" }
sdist = { url = "https://files.pythonhosted.org/packages/78/2d/797c0537426266d6c9377a2ed6a4ac61e50c2d5b1ab4da101a4b9bfe26e2/asgiref-3.6.0.tar.gz", hash = "sha256:9567dfe7bd8d3c8c892227827c41cce860b368104c3431da67a0c5a65a949506", size = 32748, upload-time = "2022-12-20T09:06:51.58Z" }
wheels = [
    { url = "https://files.pythonhosted.org/packages/8f/29/38d10a47b322a77b2d12c2b79c789f52956f733cb701d4d5157c76b5f238/asgiref-3.6.0-py3-none-any.whl", hash = "sha256:71e68008da809b957b7ee4b43dbccff33d1b23519fb8344e33f049897077afac", size = 23105, upload-time = "2022-12-20T09:06:49.899Z" },
]

[[package]]
name = "billiard"
version = "3.6.4.0"
source = { registry = "https://pypi.org/simple" }
sdist = { url = "https://files.pythonhosted.org/packages/92/91/40de1901da8ec9eeb7c6a22143ba5d55d8aaa790761ca31342cedcd5c793/billiard-3.6.4.0.tar.gz", hash = "sha256:299de5a8da28a783d51b197d496bef4f1595dd023a93a4f59dde1886ae905547", size = 155303, upload-time = "2021-04-01T09:23:50.092Z" }
wheels = [
    { url = "https://files.pythonhosted.org/packages/2b/89/0c43de91d4e52eaa7bd748771d417f6ac9e51e66b2f61928c2151bf65878/billiard-3.6.4.0-py3-none-any.whl", hash = "sha256:87103ea78fa6ab4d5c751c4909bcff74617d985de7fa8b672cf8618afd5a875b", size = 89472, upload-time = "2021-04-01T09:23:42.019Z" },
]

[[package]]
name = "black"
version = "23.3.0"
source = { registry = "https://pypi.org/simple" }
dependencies = [
    { name = "click" },
    { name = "mypy-extensions" },
    { name = "packaging" },
    { name = "pathspec" },
    { name = "platformdirs" },
]
sdist = { url = "https://files.pythonhosted.org/packages/d6/36/66370f5017b100225ec4950a60caeef60201a10080da57ddb24124453fba/black-23.3.0.tar.gz", hash = "sha256:1c7b8d606e728a41ea1ccbd7264677e494e87cf630e399262ced92d4a8dac940", size = 582156, upload-time = "2023-03-29T01:00:54.457Z" }
wheels = [
    { url = "https://files.pythonhosted.org/packages/ad/e7/4642b7f462381799393fbad894ba4b32db00870a797f0616c197b07129a9/black-23.3.0-py3-none-any.whl", hash = "sha256:ec751418022185b0c1bb7d7736e6933d40bbb14c14a0abcf9123d1b159f98dd4", size = 180965, upload-time = "2023-03-29T01:00:52.253Z" },
]

[[package]]
name = "celery"
version = "5.2.7"
source = { registry = "https://pypi.org/simple" }
dependencies = [
    { name = "billiard" },
    { name = "click" },
    { name = "click-didyoumean" },
    { name = "click-plugins" },
    { name = "click-repl" },
    { name = "kombu" },
    { name = "pytz" },
    { name = "vine" },
]
sdist = { url = "https://files.pythonhosted.org/packages/ce/21/41a0028f6d610987c0839250357c1a00f351790b8a448c2eb323caa719ac/celery-5.2.7.tar.gz", hash = "sha256:fafbd82934d30f8a004f81e8f7a062e31413a23d444be8ee3326553915958c6d", size = 1474243, upload-time = "2022-05-29T12:58:03.046Z" }
wheels = [
    { url = "https://files.pythonhosted.org/packages/1d/99/21fe9d1829cab4fc77d18f89d0c4cbcfe754e95f8b8f4af64fe4997c442f/celery-5.2.7-py3-none-any.whl", hash = "sha256:138420c020cd58d6707e6257b6beda91fd39af7afde5d36c6334d175302c0e14", size = 405637, upload-time = "2022-05-29T12:57:59.911Z" },
]

[[package]]
name = "click"
version = "8.1.3"
source = { registry = "https://pypi.org/simple" }
dependencies = [
    { name = "colorama", marker = "sys_platform == 'win32'" },
]
sdist = { url = "https://files.pythonhosted.org/packages/59/87/84326af34517fca8c58418d148f2403df25303e02736832403587318e9e8/click-8.1.3.tar.gz", hash = "sha256:7682dc8afb30297001674575ea00d1814d808d6a36af415a82bd481d37ba7b8e", size = 331147, upload-time = "2022-04-28T17:36:09.097Z" }
wheels = [
    { url = "https://files.pythonhosted.org/packages/c2/f1/df59e28c642d583f7dacffb1e0965d0e00b218e0186d7858ac5233dce840/click-8.1.3-py3-none-any.whl", hash = "sha256:bb4d8133cb15a609f44e8213d9b391b0809795062913b383c62be0ee95b1db48", size = 96588, upload-time = "2022-04-28T17:36:06.952Z" },
]

[[package]]
name = "click-didyoumean"
version = "0.3.0"
source = { registry = "https://pypi.org/simple" }
dependencies = [
    { name = "click" },
]
sdist = { url = "https://files.pythonhosted.org/packages/2f/a7/822fbc659be70dcb75a91fb91fec718b653326697d0e9907f4f90114b34f/click-didyoumean-0.3.0.tar.gz", hash = "sha256:f184f0d851d96b6d29297354ed981b7dd71df7ff500d82fa6d11f0856bee8035", size = 2405, upload-time = "2021-09-29T07:43:54.894Z" }
wheels = [
    { url = "https://files.pythonhosted.org/packages/ad/36/4599267417fc78b587b1588e0647a468c60b36c02bb723d450d050738fa8/click_didyoumean-0.3.0-py3-none-any.whl", hash = "sha256:a0713dc7a1de3f06bc0df5a9567ad19ead2d3d5689b434768a6145bff77c0667", size = 2730, upload-time = "2021-09-29T07:43:55.976Z" },
]

[[package]]
name = "click-plugins"
version = "1.1.1"
source = { registry = "https://pypi.org/simple" }
dependencies = [
    { name = "click" },
]
sdist = { url = "https://files.pythonhosted.org/packages/5f/1d/45434f64ed749540af821fd7e42b8e4d23ac04b1eda7c26613288d6cd8a8/click-plugins-1.1.1.tar.gz", hash = "sha256:46ab999744a9d831159c3411bb0c79346d94a444df9a3a3742e9ed63645f264b", size = 8164, upload-time = "2019-04-04T04:27:04.82Z" }
wheels = [
    { url = "https://files.pythonhosted.org/packages/e9/da/824b92d9942f4e472702488857914bdd50f73021efea15b4cad9aca8ecef/click_plugins-1.1.1-py2.py3-none-any.whl", hash = "sha256:5d262006d3222f5057fd81e1623d4443e41dcda5dc815c06b442aa3c02889fc8", size = 7497, upload-time = "2019-04-04T04:27:03.36Z" },
]

[[package]]
name = "click-repl"
version = "0.2.0"
source = { registry = "https://pypi.org/simple" }
dependencies = [
    { name = "click" },
    { name = "prompt-toolkit" },
    { name = "six" },
]
sdist = { url = "https://files.pythonhosted.org/packages/60/30/11d3f09eff5ae3627bca79563855035e8d241444520500a3c7914eae6a74/click-repl-0.2.0.tar.gz", hash = "sha256:cd12f68d745bf6151210790540b4cb064c7b13e571bc64b6957d98d120dacfd8", size = 5743, upload-time = "2021-05-30T20:20:08.103Z" }
wheels = [
    { url = "https://files.pythonhosted.org/packages/9b/33/15f401400cc0cf2470aa777d225e772f83a68541495e015d2fa5c77d33d0/click_repl-0.2.0-py3-none-any.whl", hash = "sha256:94b3fbbc9406a236f176e0506524b2937e4b23b6f4c0c0b2a0a83f8a64e9194b", size = 5163, upload-time = "2021-05-30T20:20:10.11Z" },
]

[[package]]
name = "colorama"
version = "0.4.6"
source = { registry = "https://pypi.org/simple" }
sdist = { url = "https://files.pythonhosted.org/packages/d8/53/6f443c9a4a8358a93a6792e2acffb9d9d5cb0a5cfd8802644b7b1c9a02e4/colorama-0.4.6.tar.gz", hash = "sha256:08695f5cb7ed6e0531a20572697297273c47b8cae5a63ffc6d6ed5c201be6e44", size = 27697, upload-time = "2022-10-25T02:36:22.414Z" }
wheels = [
    { url = "https://files.pythonhosted.org/packages/d1/d6/3965ed04c63042e047cb6a3e6ed1a63a35087b6a609aa3a15ed8ac56c221/colorama-0.4.6-py2.py3-none-any.whl", hash = "sha256:4f1d9991f5acc0ca119f9d443620b77f9d6b33703e51011c16baf57afb285fc6", size = 25335, upload-time = "2022-10-25T02:36:20.889Z" },
]

[[package]]
name = "coverage"
version = "7.2.5"
source = { registry = "https://pypi.org/simple" }
sdist = { url = "https://files.pythonhosted.org/packages/3d/87/ac5bb366221fe53c55f5ea83b14d476834703cbb395dcc335a92742737c3/coverage-7.2.5.tar.gz", hash = "sha256:f99ef080288f09ffc687423b8d60978cf3a465d3f404a18d1a05474bd8575a47", size = 759465, upload-time = "2023-04-30T11:13:21.886Z" }

[[package]]
name = "django"
version = "4.2.1"
source = { registry = "https://pypi.org/simple" }
dependencies = [
    { name = "asgiref" },
    { name = "sqlparse" },
    { name = "tzdata", marker = "sys_platform == 'win32'" },
]
sdist = { url = "https://files.pythonhosted.org/packages/89/76/23ee9b9d2bd4119e930eb19164732b79c0a4f6259ca198209b0fe36551ea/Django-4.2.1.tar.gz", hash = "sha256:7efa6b1f781a6119a10ac94b4794ded90db8accbe7802281cd26f8664ffed59c", size = 10420051, upload-time = "2023-05-03T12:58:41.313Z" }
wheels = [
    { url = "https://files.pythonhosted.org/packages/12/13/78e8622180f101e95297965045ff1325ea7301c1b80f756debbeaa84c3be/Django-4.2.1-py3-none-any.whl", hash = "sha256:066b6debb5ac335458d2a713ed995570536c8b59a580005acb0732378d5eb1ee", size = 7988496, upload-time = "2023-05-03T12:58:27.208Z" },
]

[[package]]
name = "django-cors-headers"
version = "3.14.0"
source = { registry = "https://pypi.org/simple" }
dependencies = [
    { name = "django" },
]
sdist = { url = "https://files.pythonhosted.org/packages/bc/f4/8b8c3d5e9a0aeea43576fbe623599052a7699abb54378ddb44adb1ef1ed3/django_cors_headers-3.14.0.tar.gz", hash = "sha256:5fbd58a6fb4119d975754b2bc090f35ec160a8373f276612c675b00e8a138739", size = 24892, upload-time = "2023-02-25T07:20:18.41Z" }
wheels = [
    { url = "https://files.pythonhosted.org/packages/45/f1/972b3a183192841b811e4b7496de0a31c09ae1d83a5391743c8ae0cbd86e/django_cors_headers-3.14.0-py3-none-any.whl", hash = "sha256:684180013cc7277bdd8702b80a3c5a4b3fcae4abb2bf134dceb9f5dfe300228e", size = 13187, upload-time = "2023-02-25T07:20:16.376Z" },
]

[[package]]
name = "exgooseme"
version = "0.1.0"
source = { virtual = "." }
dependencies = [
    { name = "amqp" },
    { name = "asgiref" },
    { name = "billiard" },
    { name = "black" },
    { name = "celery" },
    { name = "click" },
    { name = "click-didyoumean" },
    { name = "click-plugins" },
    { name = "click-repl" },
    { name = "coverage" },
    { name = "django" },
    { name = "django-cors-headers" },
    { name = "gunicorn" },
    { name = "kombu" },
    { name = "prompt-toolkit" },
    { name = "psycopg" },
    { name = "pytest" },
    { name = "pytest-django" },
    { name = "pytest-sugar" },
    { name = "pytz" },
    { name = "redis" },
    { name = "ruff" },
    { name = "six" },
    { name = "sqlparse" },
    { name = "typing-extensions" },
    { name = "vine" },
    { name = "wcwidth" },
    { name = "whitenoise" },
]

[package.metadata]
requires-dist = [
    { name = "amqp", specifier = "==5.1.1" },
    { name = "asgiref", specifier = "==3.6.0" },
    { name = "billiard", specifier = "==3.6.4.0" },
    { name = "black", specifier = "==23.3.0" },
    { name = "celery", specifier = "==5.2.7" },
    { name = "click", specifier = "==8.1.3" },
    { name = "click-didyoumean", specifier = "==0.3.0" },
    { name = "click-plugins", specifier = "==1.1.1" },
    { name = "click-repl", specifier = "==0.2.0" },
    { name = "coverage", extras = ["toml"], specifier = "==7.2.5" },
    { name = "django", specifier = "==4.2.1" },
    { name = "django-cors-headers", specifier = "==3.14.0" },
    { name = "gunicorn", specifier = "==20.1.0" },
    { name = "kombu", specifier = "==5.2.4" },
    { name = "prompt-toolkit", specifier = "==3.0.38" },
    { name = "psycopg", specifier = "==3.1.9" },
    { name = "pytest", specifier = "==7.3.1" },
    { name = "pytest-django", specifier = "==4.5.2" },
    { name = "pytest-sugar", specifier = "==0.9.7" },
    { name = "pytz", specifier = "==2023.3" },
    { name = "redis", specifier = "==4.5.5" },
    { name = "ruff", specifier = "==0.0.265" },
    { name = "six", specifier = "==1.16.0" },
    { name = "sqlparse", specifier = "==0.4.4" },
    { name = "typing-extensions", specifier = "==4.5.0" },
    { name = "vine", specifier = "==5.0.0" },
    { name = "wcwidth", specifier = "==0.2.6" },
    { name = "whitenoise", specifier = "==6.4.0" },
]

[[package]]
name = "gunicorn"
version = "20.1.0"
source = { registry = "https://pypi.org/simple" }
dependencies = [
    { name = "setuptools" },
]
sdist = { url = "https://files.pythonhosted.org/packages/28/5b/0d1f0296485a6af03366604142ea8f19f0833894db3512a40ed07b2a56dd/gunicorn-20.1.0.tar.gz", hash = "sha256:e0a968b5ba15f8a328fdfd7ab1fcb5af4470c28aaf7e55df02a99bc13138e6e8", size = 370601, upload-time = "2021-03-27T01:54:37.202Z" }
wheels = [
    { url = "https://files.pythonhosted.org/packages/e4/dd/5b190393e6066286773a67dfcc2f9492058e9b57c4867a95f1ba5caf0a83/gunicorn-20.1.0-py3-none-any.whl", hash = "sha256:9dcc4547dbb1cb284accfb15ab5667a0e5d1881cc443e0677b4882a4067a807e", size = 79531, upload-time = "2021-04-27T12:16:23.375Z" },
]

[[package]]
name = "iniconfig"
version = "2.3.0"
source = { registry = "https://pypi.org/simple" }
sdist = { url = "https://files.pythonhosted.org/packages/72/34/14ca021ce8e5dfedc35312d08ba8bf51fdd999c576889fc2c24cb97f4f10/iniconfig-2.3.0.tar.gz", hash = "sha256:c76315c77db068650d49c5b56314774a7804df16fee4402c1f19d6d15d8c4730", size = 20503, upload-time = "2025-10-18T21:55:43.219Z" }
wheels = [
    { url = "https://files.pythonhosted.org/packages/cb/b1/3846dd7f199d53cb17f49cba7e651e9ce294d8497c8c150530ed11865bb8/iniconfig-2.3.0-py3-none-any.whl", hash = "sha256:f631c04d2c48c52b84d0d0549c99ff3859c98df65b3101406327ecc7d53fbf12", size = 7484, upload-time = "2025-10-18T21:55:41.639Z" },
]

[[package]]
name = "kombu"
version = "5.2.4"
source = { registry = "https://pypi.org/simple" }
dependencies = [
    { name = "amqp" },
    { name = "vine" },
]
sdist = { url = "https://files.pythonhosted.org/packages/e1/9e/3811be7d86ac3be6d1a1f5098f95b1d8e2519c12c537719c7e13c8a12800/kombu-5.2.4.tar.gz", hash = "sha256:37cee3ee725f94ea8bb173eaab7c1760203ea53bbebae226328600f9d2799610", size = 423450, upload-time = "2022-03-06T05:01:10.937Z" }
wheels = [
    { url = "https://files.pythonhosted.org/packages/d9/f3/62d12dd7ebad710319f0877c1c33bca379fc7d28069daae890fa2fa444c8/kombu-5.2.4-py3-none-any.whl", hash = "sha256:8b213b24293d3417bcf0d2f5537b7f756079e3ea232a8386dcc89a59fd2361a4", size = 189209, upload-time = "2022-03-06T05:00:59.261Z" },
]

[[package]]
name = "mypy-extensions"
version = "1.1.0"
source = { registry = "https://pypi.org/simple" }
sdist = { url = "https://files.pythonhosted.org/packages/a2/6e/371856a3fb9d31ca8dac321cda606860fa4548858c0cc45d9d1d4ca2628b/mypy_extensions-1.1.0.tar.gz", hash = "sha256:52e68efc3284861e772bbcd66823fde5ae21fd2fdb51c62a211403730b916558", size = 6343, upload-time = "2025-04-22T14:54:24.164Z" }
wheels = [
    { url = "https://files.pythonhosted.org/packages/79/7b/2c79738432f5c924bef5071f933bcc9efd0473bac3b4aa584a6f7c1c8df8/mypy_extensions-1.1.0-py3-none-any.whl", hash = "sha256:1be4cccdb0f2482337c4743e60421de3a356cd97508abadd57d47403e94f5505", size = 4963, upload-time = "2025-04-22T14:54:22.983Z" },
]

[[package]]
name = "packaging"
version = "25.0"
source = { registry = "https://pypi.org/simple" }
sdist = { url = "https://files.pythonhosted.org/packages/a1/d4/1fc4078c65507b51b96ca8f8c3ba19e6a61c8253c72794544580a7b6c24d/packaging-25.0.tar.gz", hash = "sha256:d443872c98d677bf60f6a1f2f8c1cb748e8fe762d2bf9d3148b5599295b0fc4f", size = 165727, upload-time = "2025-04-19T11:48:59.673Z" }
wheels = [
    { url = "https://files.pythonhosted.org/packages/20/12/38679034af332785aac8774540895e234f4d07f7545804097de4b666afd8/packaging-25.0-py3-none-any.whl", hash = "sha256:29572ef2b1f17581046b3a2227d5c611fb25ec70ca1ba8554b24b0e69331a484", size = 66469, upload-time = "2025-04-19T11:48:57.875Z" },
]

[[package]]
name = "pathspec"
version = "0.12.1"
source = { registry = "https://pypi.org/simple" }
sdist = { url = "https://files.pythonhosted.org/packages/ca/bc/f35b8446f4531a7cb215605d100cd88b7ac6f44ab3fc94870c120ab3adbf/pathspec-0.12.1.tar.gz", hash = "sha256:a482d51503a1ab33b1c67a6c3813a26953dbdc71c31dacaef9a838c4e29f5712", size = 51043, upload-time = "2023-12-10T22:30:45Z" }
wheels = [
    { url = "https://files.pythonhosted.org/packages/cc/20/ff623b09d963f88bfde16306a54e12ee5ea43e9b597108672ff3a408aad6/pathspec-0.12.1-py3-none-any.whl", hash = "sha256:a0d503e138a4c123b27490a4f7beda6a01c6f288df0e4a8b79c7eb0dc7b4cc08", size = 31191, upload-time = "2023-12-10T22:30:43.14Z" },
]

[[package]]
name = "platformdirs"
version = "4.5.0"
source = { registry = "https://pypi.org/simple" }
sdist = { url = "https://files.pythonhosted.org/packages/61/33/9611380c2bdb1225fdef633e2a9610622310fed35ab11dac9620972ee088/platformdirs-4.5.0.tar.gz", hash = "sha256:70ddccdd7c99fc5942e9fc25636a8b34d04c24b335100223152c2803e4063312", size = 21632, upload-time = "2025-10-08T17:44:48.791Z" }
wheels = [
    { url = "https://files.pythonhosted.org/packages/73/cb/ac7874b3e5d58441674fb70742e6c374b28b0c7cb988d37d991cde47166c/platformdirs-4.5.0-py3-none-any.whl", hash = "sha256:e578a81bb873cbb89a41fcc904c7ef523cc18284b7e3b3ccf06aca1403b7ebd3", size = 18651, upload-time = "2025-10-08T17:44:47.223Z" },
]

[[package]]
name = "pluggy"
version = "1.6.0"
source = { registry = "https://pypi.org/simple" }
sdist = { url = "https://files.pythonhosted.org/packages/f9/e2/3e91f31a7d2b083fe6ef3fa267035b518369d9511ffab804f839851d2779/pluggy-1.6.0.tar.gz", hash = "sha256:7dcc130b76258d33b90f61b658791dede3486c3e6bfb003ee5c9bfb396dd22f3", size = 69412, upload-time = "2025-05-15T12:30:07.975Z" }
wheels = [
    { url = "https://files.pythonhosted.org/packages/54/20/4d324d65cc6d9205fabedc306948156824eb9f0ee1633355a8f7ec5c66bf/pluggy-1.6.0-py3-none-any.whl", hash = "sha256:e920276dd6813095e9377c0bc5566d94c932c33b27a3e3945d8389c374dd4746", size = 20538, upload-time = "2025-05-15T12:30:06.134Z" },
]

[[package]]
name = "prompt-toolkit"
version = "3.0.38"
source = { registry = "https://pypi.org/simple" }
dependencies = [
    { name = "wcwidth" },
]
sdist = { url = "https://files.pythonhosted.org/packages/4b/bb/75cdcd356f57d17b295aba121494c2333d26bfff1a837e6199b8b83c415a/prompt_toolkit-3.0.38.tar.gz", hash = "sha256:23ac5d50538a9a38c8bde05fecb47d0b403ecd0662857a86f886f798563d5b9b", size = 422834, upload-time = "2023-02-28T09:43:40.597Z" }
wheels = [
    { url = "https://files.pythonhosted.org/packages/87/3f/1f5a0ff475ae6481f4b0d45d4d911824d3218b94ee2a97a8cb84e5569836/prompt_toolkit-3.0.38-py3-none-any.whl", hash = "sha256:45ea77a2f7c60418850331366c81cf6b5b9cf4c7fd34616f733c5427e6abbb1f", size = 385848, upload-time = "2023-02-28T09:43:36.854Z" },
]

[[package]]
name = "psycopg"
version = "3.1.9"
source = { registry = "https://pypi.org/simple" }
dependencies = [
    { name = "typing-extensions" },
    { name = "tzdata", marker = "sys_platform == 'win32'" },
]
sdist = { url = "https://files.pythonhosted.org/packages/7f/56/6463b9b47400710819153dcdfecf29d6d2f63f772e524f94b090fe5716a2/psycopg-3.1.9.tar.gz", hash = "sha256:ab400f207a8c120bafdd8077916d8f6c0106e809401378708485b016508c30c9", size = 138729, upload-time = "2023-05-02T14:25:35.288Z" }
wheels = [
    { url = "https://files.pythonhosted.org/packages/c6/53/729709c14684fa8e53b6a95ac75d35c3928b142a9091b78382609fabf2b2/psycopg-3.1.9-py3-none-any.whl", hash = "sha256:fbbac339274d8733ee70ba9822297af3e8871790a26e967b5ea53e30a4b74dcc", size = 167752, upload-time = "2023-05-02T14:20:23.872Z" },
]

[[package]]
name = "pytest"
version = "7.3.1"
source = { registry = "https://pypi.org/simple" }
dependencies = [
    { name = "colorama", marker = "sys_platform == 'win32'" },
    { name = "iniconfig" },
    { name = "packaging" },
    { name = "pluggy" },
]
sdist = { url = "https://files.pythonhosted.org/packages/ec/d9/36b65598f3d19d0a14d13dc87ad5fa42869ae53bb7471f619a30eaabc4bf/pytest-7.3.1.tar.gz", hash = "sha256:434afafd78b1d78ed0addf160ad2b77a30d35d4bdf8af234fe621919d9ed15e3", size = 1336938, upload-time = "2023-04-14T18:11:27.407Z" }
wheels = [
    { url = "https://files.pythonhosted.org/packages/1b/d1/72df649a705af1e3a09ffe14b0c7d3be1fd730da6b98beb4a2ed26b8a023/pytest-7.3.1-py3-none-any.whl", hash = "sha256:3799fa815351fea3a5e96ac7e503a96fa51cc9942c3753cda7651b93c1cfa362", size = 320506, upload-time = "2023-04-14T18:11:24.793Z" },
]

[[package]]
name = "pytest-django"
version = "4.5.2"
source = { registry = "https://pypi.org/simple" }
dependencies = [
    { name = "pytest" },
]
sdist = { url = "https://files.pythonhosted.org/packages/9b/42/6d6563165b82289d4a30ea477f85c04386303e51cf4e4e4651d4f9910830/pytest-django-4.5.2.tar.gz", hash = "sha256:d9076f759bb7c36939dbdd5ae6633c18edfc2902d1a69fdbefd2426b970ce6c2", size = 79949, upload-time = "2021-12-07T14:26:58.991Z" }
wheels = [
    { url = "https://files.pythonhosted.org/packages/4b/21/b65ecd6686da400e2f6e3c49c2a428325abd979c9670cd97e1671f53296e/pytest_django-4.5.2-py3-none-any.whl", hash = "sha256:c60834861933773109334fe5a53e83d1ef4828f2203a1d6a0fa9972f4f75ab3e", size = 20752, upload-time = "2021-12-07T14:26:57.714Z" },
]

[[package]]
name = "pytest-sugar"
version = "0.9.7"
source = { registry = "https://pypi.org/simple" }
dependencies = [
    { name = "packaging" },
    { name = "pytest" },
    { name = "termcolor" },
]
sdist = { url = "https://files.pythonhosted.org/packages/57/18/fe569040c5796879288544b1cc98888fce1754138d54e8287ed21614491e/pytest-sugar-0.9.7.tar.gz", hash = "sha256:f1e74c1abfa55f7241cf7088032b6e378566f16b938f3f08905e2cf4494edd46", size = 14874, upload-time = "2023-04-10T11:17:32.071Z" }
wheels = [
    { url = "https://files.pythonhosted.org/packages/c7/b2/8f5d346c86e690c58da3b21b7c14d656b4100606abed8e91a98e8b50f3bf/pytest_sugar-0.9.7-py2.py3-none-any.whl", hash = "sha256:8cb5a4e5f8bbcd834622b0235db9e50432f4cbd71fef55b467fe44e43701e062", size = 10034, upload-time = "2023-04-10T11:17:30.233Z" },
]

[[package]]
name = "pytz"
version = "2023.3"
source = { registry = "https://pypi.org/simple" }
sdist = { url = "https://files.pythonhosted.org/packages/5e/32/12032aa8c673ee16707a9b6cdda2b09c0089131f35af55d443b6a9c69c1d/pytz-2023.3.tar.gz", hash = "sha256:1d8ce29db189191fb55338ee6d0387d82ab59f3d00eac103412d64e0ebd0c588", size = 317095, upload-time = "2023-03-29T04:23:28.655Z" }
wheels = [
    { url = "https://files.pythonhosted.org/packages/7f/99/ad6bd37e748257dd70d6f85d916cafe79c0b0f5e2e95b11f7fbc82bf3110/pytz-2023.3-py2.py3-none-any.whl", hash = "sha256:a151b3abb88eda1d4e34a9814df37de2a80e301e68ba0fd856fb9b46bfbbbffb", size = 502345, upload-time = "2023-03-29T04:23:25.307Z" },
]

[[package]]
name = "redis"
version = "4.5.5"
source = { registry = "https://pypi.org/simple" }
sdist = { url = "https://files.pythonhosted.org/packages/53/30/128c5599bc3fa61488866be0228326b3e486be34480126f70e572043adf8/redis-4.5.5.tar.gz", hash = "sha256:dc87a0bdef6c8bfe1ef1e1c40be7034390c2ae02d92dcd0c7ca1729443899880", size = 4557115, upload-time = "2023-05-08T12:04:07.179Z" }
wheels = [
    { url = "https://files.pythonhosted.org/packages/e0/7f/21a09f8c9f5db6f5e24432f7a0f916ca386025d74e4da6d0f5164aa9a78a/redis-4.5.5-py3-none-any.whl", hash = "sha256:77929bc7f5dab9adf3acba2d3bb7d7658f1e0c2f1cafe7eb36434e751c471119", size = 240338, upload-time = "2023-05-08T12:04:05.568Z" },
]

[[package]]
name = "ruff"
version = "0.0.265"
source = { registry = "https://pypi.org/simple" }
sdist = { url = "https://files.pythonhosted.org/packages/d1/c3/2aeec2adaff3cfa95d713283089568ee905f759e18d034646e3aa85a6282/ruff-0.0.265.tar.gz", hash = "sha256:53c17f0dab19ddc22b254b087d1381b601b155acfa8feed514f0d6a413d0ab3a", size = 1045714, upload-time = "2023-05-05T17:58:40.983Z" }
wheels = [
    { url = "https://files.pythonhosted.org/packages/27/ee/674d3816cbffa55e4fad4446e2815c783ca0648180a905418edfd664bc50/ruff-0.0.265-py3-none-macosx_10_7_x86_64.whl", hash = "sha256:30ddfe22de6ce4eb1260408f4480bbbce998f954dbf470228a21a9b2c45955e4", size = 5228731, upload-time = "2023-05-05T17:58:00.443Z" },
    { url = "https://files.pythonhosted.org/packages/fd/ac/1c40dc44ed92744c3a9ca6f07ed2d83f0431d71a02766a7a478e2112fb59/ruff-0.0.265-py3-none-macosx_10_9_x86_64.macosx_11_0_arm64.macosx_10_9_universal2.whl", hash = "sha256:a11bd0889e88d3342e7bc514554bb4461bf6cc30ec115821c2425cfaac0b1b6a", size = 10053381, upload-time = "2023-05-05T17:58:03.674Z" },
    { url = "https://files.pythonhosted.org/packages/e7/c3/157c421412809780430110b766f8bdad65b55f0671c00c778d827dbb6f35/ruff-0.0.265-py3-none-manylinux_2_17_aarch64.manylinux2014_aarch64.whl", hash = "sha256:2a9b38bdb40a998cbc677db55b6225a6c4fadcf8819eb30695e1b8470942426b", size = 5081379, upload-time = "2023-05-05T17:58:06.825Z" },
    { url = "https://files.pythonhosted.org/packages/9e/35/fb24000483a56339ffe3c00c8b0d12c4ca99201f7f2f30f4799202a20a83/ruff-0.0.265-py3-none-manylinux_2_17_armv7l.manylinux2014_armv7l.whl", hash = "sha256:a8b44a245b60512403a6a03a5b5212da274d33862225c5eed3bcf12037eb19bb", size = 4735502, upload-time = "2023-05-05T17:58:09.338Z" },
    { url = "https://files.pythonhosted.org/packages/9d/07/7178c1b251c2bfed0676e7f8cd76d6107a5e89b2d1b7b464c084b311dfe6/ruff-0.0.265-py3-none-manylinux_2_17_i686.manylinux2014_i686.whl", hash = "sha256:b279fa55ea175ef953208a6d8bfbcdcffac1c39b38cdb8c2bfafe9222add70bb", size = 5277154, upload-time = "2023-05-05T17:58:11.336Z" },
    { url = "https://files.pythonhosted.org/packages/94/67/f875768b8ecfbc6264a9fc5e10735359f23b2ac98194bf0512555225b987/ruff-0.0.265-py3-none-manylinux_2_17_ppc64.manylinux2014_ppc64.whl", hash = "sha256:5028950f7af9b119d43d91b215d5044976e43b96a0d1458d193ef0dd3c587bf8", size = 5779038, upload-time = "2023-05-05T17:58:13.981Z" },
    { url = "https://files.pythonhosted.org/packages/c7/87/9b9d14b1778edb4ce03e0e80ab9378e12e402dce2b5cd27403b6670b6ed6/ruff-0.0.265-py3-none-manylinux_2_17_ppc64le.manylinux2014_ppc64le.whl", hash = "sha256:4057eb539a1d88eb84e9f6a36e0a999e0f261ed850ae5d5817e68968e7b89ed9", size = 5693146, upload-time = "2023-05-05T17:58:17.062Z" },
    { url = "https://files.pythonhosted.org/packages/b3/1d/0e544e4b73bafbe88f6c39bce5306fdbf5af07e9d004fe023eeedf9ee548/ruff-0.0.265-py3-none-manylinux_2_17_s390x.manylinux2014_s390x.whl", hash = "sha256:d586e69ab5cbf521a1910b733412a5735936f6a610d805b89d35b6647e2a66aa", size = 6299947, upload-time = "2023-05-05T17:58:19.481Z" },
    { url = "https://files.pythonhosted.org/packages/f4/1c/5161404f7231c37e951f7dce3a4f623733a6563c17724189d003602ce55f/ruff-0.0.265-py3-none-manylinux_2_17_x86_64.manylinux2014_x86_64.whl", hash = "sha256:aa17b13cd3f29fc57d06bf34c31f21d043735cc9a681203d634549b0e41047d1", size = 5465610, upload-time = "2023-05-05T17:58:21.95Z" },
    { url = "https://files.pythonhosted.org/packages/a1/00/135639453182b6c64c507f448764d78f8df90bcd19e4b0e16427407709e0/ruff-0.0.265-py3-none-musllinux_1_2_aarch64.whl", hash = "sha256:9ac13b11d9ad3001de9d637974ec5402a67cefdf9fffc3929ab44c2fcbb850a1", size = 5056164, upload-time = "2023-05-05T17:58:24.786Z" },
    { url = "https://files.pythonhosted.org/packages/b4/c4/7b8b05279a11ba30cf99eb628dbfd2fbf7219c192eb78f9585280bc3ae69/ruff-0.0.265-py3-none-musllinux_1_2_armv7l.whl", hash = "sha256:62a9578b48cfd292c64ea3d28681dc16b1aa7445b7a7709a2884510fc0822118", size = 4737011, upload-time = "2023-05-05T17:58:27.314Z" },
    { url = "https://files.pythonhosted.org/packages/b2/bc/b14c0de95721ef6bd3a1dcfe7b4ce9f368c72a2d5aed7c98e767771c860c/ruff-0.0.265-py3-none-musllinux_1_2_i686.whl", hash = "sha256:d0f9967f84da42d28e3d9d9354cc1575f96ed69e6e40a7d4b780a7a0418d9409", size = 5150311, upload-time = "2023-05-05T17:58:29.62Z" },
    { url = "https://files.pythonhosted.org/packages/40/8d/fbd44882b6ef61c8be8fa9ce6448bb99ff105816ac22e2f2116473809c6d/ruff-0.0.265-py3-none-musllinux_1_2_x86_64.whl", hash = "sha256:1d5a8de2fbaf91ea5699451a06f4074e7a312accfa774ad9327cde3e4fda2081", size = 5526585, upload-time = "2023-05-05T17:58:32.026Z" },
    { url = "https://files.pythonhosted.org/packages/e3/d1/433db20e8ef8f67ff7cfa32fdf6b9adb0592a1269fd93e230fd0dfbf64f2/ruff-0.0.265-py3-none-win32.whl", hash = "sha256:9e9db5ccb810742d621f93272e3cc23b5f277d8d00c4a79668835d26ccbe48dd", size = 5064816, upload-time = "2023-05-05T17:58:34.534Z" },
    { url = "https://files.pythonhosted.org/packages/41/33/f9043ba8a20a667d888adc81768ebdaadaa0d2b760da61912682d62bbff8/ruff-0.0.265-py3-none-win_amd64.whl", hash = "sha256:f54facf286103006171a00ce20388d88ed1d6732db3b49c11feb9bf3d46f90e9", size = 5472995, upload-time = "2023-05-05T17:58:37.343Z" },
    { url = "https://files.pythonhosted.org/packages/77/cc/8806e6aaf8dc0cd4f41444f5423c31d691b7acf0386665406823f9528e45/ruff-0.0.265-py3-none-win_arm64.whl", hash = "sha256:c78470656e33d32ddc54e8482b1b0fc6de58f1195586731e5ff1405d74421499", size = 5283397, upload-time = "2023-05-05T17:58:39.328Z" },
]

[[package]]
name = "setuptools"
version = "80.9.0"
source = { registry = "https://pypi.org/simple" }
sdist = { url = "https://files.pythonhosted.org/packages/18/5d/3bf57dcd21979b887f014ea83c24ae194cfcd12b9e0fda66b957c69d1fca/setuptools-80.9.0.tar.gz", hash = "sha256:f36b47402ecde768dbfafc46e8e4207b4360c654f1f3bb84475f0a28628fb19c", size = 1319958, upload-time = "2025-05-27T00:56:51.443Z" }
wheels = [
    { url = "https://files.pythonhosted.org/packages/a3/dc/17031897dae0efacfea57dfd3a82fdd2a2aeb58e0ff71b77b87e44edc772/setuptools-80.9.0-py3-none-any.whl", hash = "sha256:062d34222ad13e0cc312a4c02d73f059e86a4acbfbdea8f8f76b28c99f306922", size = 1201486, upload-time = "2025-05-27T00:56:49.664Z" },
]

[[package]]
name = "six"
version = "1.16.0"
source = { registry = "https://pypi.org/simple" }
sdist = { url = "https://files.pythonhosted.org/packages/71/39/171f1c67cd00715f190ba0b100d606d440a28c93c7714febeca8b79af85e/six-1.16.0.tar.gz", hash = "sha256:1e61c37477a1626458e36f7b1d82aa5c9b094fa4802892072e49de9c60c4c926", size = 34041, upload-time = "2021-05-05T14:18:18.379Z" }
wheels = [
    { url = "https://files.pythonhosted.org/packages/d9/5a/e7c31adbe875f2abbb91bd84cf2dc52d792b5a01506781dbcf25c91daf11/six-1.16.0-py2.py3-none-any.whl", hash = "sha256:8abb2f1d86890a2dfb989f9a77cfcfd3e47c2a354b01111771326f8aa26e0254", size = 11053, upload-time = "2021-05-05T14:18:17.237Z" },
]

[[package]]
name = "sqlparse"
version = "0.4.4"
source = { registry = "https://pypi.org/simple" }
sdist = { url = "https://files.pythonhosted.org/packages/65/16/10f170ec641ed852611b6c9441b23d10b5702ab5288371feab3d36de2574/sqlparse-0.4.4.tar.gz", hash = "sha256:d446183e84b8349fa3061f0fe7f06ca94ba65b426946ffebe6e3e8295332420c", size = 72383, upload-time = "2023-04-18T08:30:41.994Z" }
wheels = [
    { url = "https://files.pythonhosted.org/packages/98/5a/66d7c9305baa9f11857f247d4ba761402cea75db6058ff850ed7128957b7/sqlparse-0.4.4-py3-none-any.whl", hash = "sha256:5430a4fe2ac7d0f93e66f1efc6e1338a41884b7ddf2a350cedd20ccc4d9d28f3", size = 41183, upload-time = "2023-04-18T08:30:36.96Z" },
]

[[package]]
name = "termcolor"
version = "3.2.0"
source = { registry = "https://pypi.org/simple" }
sdist = { url = "https://files.pythonhosted.org/packages/87/56/ab275c2b56a5e2342568838f0d5e3e66a32354adcc159b495e374cda43f5/termcolor-3.2.0.tar.gz", hash = "sha256:610e6456feec42c4bcd28934a8c87a06c3fa28b01561d46aa09a9881b8622c58", size = 14423, upload-time = "2025-10-25T19:11:42.586Z" }
wheels = [
    { url = "https://files.pythonhosted.org/packages/f9/d5/141f53d7c1eb2a80e6d3e9a390228c3222c27705cbe7f048d3623053f3ca/termcolor-3.2.0-py3-none-any.whl", hash = "sha256:a10343879eba4da819353c55cb8049b0933890c2ebf9ad5d3ecd2bb32ea96ea6", size = 7698, upload-time = "2025-10-25T19:11:41.536Z" },
]

[[package]]
name = "typing-extensions"
version = "4.5.0"
source = { registry = "https://pypi.org/simple" }
sdist = { url = "https://files.pythonhosted.org/packages/d3/20/06270dac7316220643c32ae61694e451c98f8caf4c8eab3aa80a2bedf0df/typing_extensions-4.5.0.tar.gz", hash = "sha256:5cb5f4a79139d699607b3ef622a1dedafa84e115ab0024e0d9c044a9479ca7cb", size = 52399, upload-time = "2023-02-15T00:17:55.502Z" }
wheels = [
    { url = "https://files.pythonhosted.org/packages/31/25/5abcd82372d3d4a3932e1fa8c3dbf9efac10cc7c0d16e78467460571b404/typing_extensions-4.5.0-py3-none-any.whl", hash = "sha256:fb33085c39dd998ac16d1431ebc293a8b3eedd00fd4a32de0ff79002c19511b4", size = 27736, upload-time = "2023-02-15T00:17:53.726Z" },
]

[[package]]
name = "tzdata"
version = "2025.2"
source = { registry = "https://pypi.org/simple" }
sdist = { url = "https://files.pythonhosted.org/packages/95/32/1a225d6164441be760d75c2c42e2780dc0873fe382da3e98a2e1e48361e5/tzdata-2025.2.tar.gz", hash = "sha256:b60a638fcc0daffadf82fe0f57e53d06bdec2f36c4df66280ae79bce6bd6f2b9", size = 196380, upload-time = "2025-03-23T13:54:43.652Z" }
wheels = [
    { url = "https://files.pythonhosted.org/packages/5c/23/c7abc0ca0a1526a0774eca151daeb8de62ec457e77262b66b359c3c7679e/tzdata-2025.2-py2.py3-none-any.whl", hash = "sha256:1a403fada01ff9221ca8044d701868fa132215d84beb92242d9acd2147f667a8", size = 347839, upload-time = "2025-03-23T13:54:41.845Z" },
]

[[package]]
name = "vine"
version = "5.0.0"
source = { registry = "https://pypi.org/simple" }
sdist = { url = "https://files.pythonhosted.org/packages/66/b2/8954108816865edf2b1e0d24f3c2c11dfd7232f795bcf1e4164fb8ee5e15/vine-5.0.0.tar.gz", hash = "sha256:7d3b1624a953da82ef63462013bbd271d3eb75751489f9807598e8f340bd637e", size = 48758, upload-time = "2020-09-06T15:00:39.335Z" }
wheels = [
    { url = "https://files.pythonhosted.org/packages/8d/61/a7badb48186919a9fd7cf0ef427cab6d16e0ed474035c36fa64ddd72bfa2/vine-5.0.0-py2.py3-none-any.whl", hash = "sha256:4c9dceab6f76ed92105027c49c823800dd33cacce13bdedc5b914e3514b7fb30", size = 9365, upload-time = "2020-09-06T15:00:37.857Z" },
]

[[package]]
name = "wcwidth"
version = "0.2.6"
source = { registry = "https://pypi.org/simple" }
sdist = { url = "https://files.pythonhosted.org/packages/5e/5f/1e4bd82a9cc1f17b2c2361a2d876d4c38973a997003ba5eb400e8a932b6c/wcwidth-0.2.6.tar.gz", hash = "sha256:a5220780a404dbe3353789870978e472cfe477761f06ee55077256e509b156d0", size = 35452, upload-time = "2023-01-15T04:07:25.071Z" }
wheels = [
    { url = "https://files.pythonhosted.org/packages/20/f4/c0584a25144ce20bfcf1aecd041768b8c762c1eb0aa77502a3f0baa83f11/wcwidth-0.2.6-py2.py3-none-any.whl", hash = "sha256:795b138f6875577cd91bba52baf9e445cd5118fd32723b460e30a0af30ea230e", size = 29995, upload-time = "2023-01-16T15:09:15.814Z" },
]

[[package]]
name = "whitenoise"
version = "6.4.0"
source = { registry = "https://pypi.org/simple" }
sdist = { url = "https://files.pythonhosted.org/packages/77/76/3e0c97bf1b842c738d46049be09f2a1f0d7267b0fc9739968529e3c58a6c/whitenoise-6.4.0.tar.gz", hash = "sha256:a02d6660ad161ff17e3042653c8e3f5ecbb2a2481a006bde125b9efb9a30113a", size = 24965, upload-time = "2023-02-25T07:25:42.931Z" }
wheels = [
    { url = "https://files.pythonhosted.org/packages/4d/25/03924d8387e91b44e88abfa16e8d0d197b04dbf7cce2e53b9ecccc5792bf/whitenoise-6.4.0-py3-none-any.whl", hash = "sha256:599dc6ca57e48929dfeffb2e8e187879bfe2aed0d49ca419577005b7f2cc930b", size = 19841, upload-time = "2023-02-25T07:25:41.652Z" },
]
